{
  "name": "@jirklym/js-app-container",
  "version": "0.0.1.1",
  "lockfileVersion": 1,
  "requires": true,
  "dependencies": {
    "@jirklym/lleact": {
      "version": "0.0.1",
      "resolved": "https://registry.npmjs.org/@jirklym/lleact/-/lleact-0.0.1.tgz",
      "integrity": "sha512-meg6L8qZFcOpnh1Acqvg06TM6BXF3nX3O+8VhNOQ+pjglO9oVy3BJT7gUytsgpMZolf2LTJbSh/iQ9qe4GL+wg=="
    }
  }
}
